
Microsoft Visual Studio Solution File, Format Version 12.00
# Visual Studio 15
Project("{FAE04EC0-301F-11D3-BF4B-00C04F79EFBC}") = "Assembly-CSharp", "Assembly-CSharp.csproj", "{1783E19B-05E5-6EE3-2C8C-729B01E8762E}"
EndProject
Project("{FAE04EC0-301F-11D3-BF4B-00C04F79EFBC}") = "Assembly-CSharp-Editor", "Assembly-CSharp-Editor.csproj", "{4D65DD65-7CDB-C2AD-DEB3-9AB1189960A3}"
EndProject
Global
	GlobalSection(SolutionConfigurationPlatforms) = preSolution
		Debug|Any CPU = Debug|Any CPU
		Release|Any CPU = Release|Any CPU
	EndGlobalSection
	GlobalSection(ProjectConfigurationPlatforms) = postSolution
		{1783E19B-05E5-6EE3-2C8C-729B01E8762E}.Debug|Any CPU.ActiveCfg = Debug|Any CPU
		{1783E19B-05E5-6EE3-2C8C-729B01E8762E}.Debug|Any CPU.Build.0 = Debug|Any CPU
		{1783E19B-05E5-6EE3-2C8C-729B01E8762E}.Release|Any CPU.ActiveCfg = Release|Any CPU
		{1783E19B-05E5-6EE3-2C8C-729B01E8762E}.Release|Any CPU.Build.0 = Release|Any CPU
		{4D65DD65-7CDB-C2AD-DEB3-9AB1189960A3}.Debug|Any CPU.ActiveCfg = Debug|Any CPU
		{4D65DD65-7CDB-C2AD-DEB3-9AB1189960A3}.Debug|Any CPU.Build.0 = Debug|Any CPU
		{4D65DD65-7CDB-C2AD-DEB3-9AB1189960A3}.Release|Any CPU.ActiveCfg = Release|Any CPU
		{4D65DD65-7CDB-C2AD-DEB3-9AB1189960A3}.Release|Any CPU.Build.0 = Release|Any CPU
	EndGlobalSection
	GlobalSection(SolutionProperties) = preSolution
		HideSolutionNode = FALSE
	EndGlobalSection
EndGlobal
