
Microsoft Visual Studio Solution File, Format Version 12.00
# Visual Studio 15
Project("{FAE04EC0-301F-11D3-BF4B-00C04F79EFBC}") = "Assembly-CSharp", "Assembly-CSharp.csproj", "{7DE37D7D-CE8C-D8A1-B34F-AA990E8AC5CD}"
EndProject
Project("{FAE04EC0-301F-11D3-BF4B-00C04F79EFBC}") = "Assembly-CSharp-Editor", "Assembly-CSharp-Editor.csproj", "{CE0979F8-B69B-4CFF-126C-A20C8BE1121B}"
EndProject
Global
	GlobalSection(SolutionConfigurationPlatforms) = preSolution
		Debug|Any CPU = Debug|Any CPU
		Release|Any CPU = Release|Any CPU
	EndGlobalSection
	GlobalSection(ProjectConfigurationPlatforms) = postSolution
		{7DE37D7D-CE8C-D8A1-B34F-AA990E8AC5CD}.Debug|Any CPU.ActiveCfg = Debug|Any CPU
		{7DE37D7D-CE8C-D8A1-B34F-AA990E8AC5CD}.Debug|Any CPU.Build.0 = Debug|Any CPU
		{7DE37D7D-CE8C-D8A1-B34F-AA990E8AC5CD}.Release|Any CPU.ActiveCfg = Release|Any CPU
		{7DE37D7D-CE8C-D8A1-B34F-AA990E8AC5CD}.Release|Any CPU.Build.0 = Release|Any CPU
		{CE0979F8-B69B-4CFF-126C-A20C8BE1121B}.Debug|Any CPU.ActiveCfg = Debug|Any CPU
		{CE0979F8-B69B-4CFF-126C-A20C8BE1121B}.Debug|Any CPU.Build.0 = Debug|Any CPU
		{CE0979F8-B69B-4CFF-126C-A20C8BE1121B}.Release|Any CPU.ActiveCfg = Release|Any CPU
		{CE0979F8-B69B-4CFF-126C-A20C8BE1121B}.Release|Any CPU.Build.0 = Release|Any CPU
	EndGlobalSection
	GlobalSection(SolutionProperties) = preSolution
		HideSolutionNode = FALSE
	EndGlobalSection
EndGlobal
